// !$*UTF8*$!
{
	archiveVersion = 1;
	classes = {
	};
	objectVersion = 46;
	objects = {

/* Begin PBXBuildFile section */
		6324F79C1DB33B460095805E /* MovieDetailVC.swift in Sources */ = {isa = PBXBuildFile; fileRef = 6324F79B1DB33B460095805E /* MovieDetailVC.swift */; };
		639BFF8A1DB3231800534D14 /* AppDelegate.swift in Sources */ = {isa = PBXBuildFile; fileRef = 639BFF891DB3231800534D14 /* AppDelegate.swift */; };
		639BFF8F1DB3231800534D14 /* Main.storyboard in Resources */ = {isa = PBXBuildFile; fileRef = 639BFF8D1DB3231800534D14 /* Main.storyboard */; };
		639BFF911DB3231800534D14 /* Assets.xcassets in Resources */ = {isa = PBXBuildFile; fileRef = 639BFF901DB3231800534D14 /* Assets.xcassets */; };
		639BFF941DB3231800534D14 /* LaunchScreen.storyboard in Resources */ = {isa = PBXBuildFile; fileRef = 639BFF921DB3231800534D14 /* LaunchScreen.storyboard */; };
		639BFF9C1DB3240F00534D14 /* MoviesViewController.swift in Sources */ = {isa = PBXBuildFile; fileRef = 639BFF9B1DB3240F00534D14 /* MoviesViewController.swift */; };
		639BFFA01DB32D1300534D14 /* MovieCell.swift in Sources */ = {isa = PBXBuildFile; fileRef = 639BFF9F1DB32D1300534D14 /* MovieCell.swift */; };
		63E60A0F1DB43CCE00E679C4 /* now_playing.png in Resources */ = {isa = PBXBuildFile; fileRef = 63E60A0E1DB43CCE00E679C4 /* now_playing.png */; };
		63E60A111DB43D0600E679C4 /* top_rated.png in Resources */ = {isa = PBXBuildFile; fileRef = 63E60A101DB43D0600E679C4 /* top_rated.png */; };
		63E60A131DB43ED800E679C4 /* TopRatedVC.swift in Sources */ = {isa = PBXBuildFile; fileRef = 63E60A121DB43ED800E679C4 /* TopRatedVC.swift */; };
		68541519D8018DBAE0E95280 /* Pods_Flicks.framework in Frameworks */ = {isa = PBXBuildFile; fileRef = B2A9D6AD183BC0B0FA5FD619 /* Pods_Flicks.framework */; };
/* End PBXBuildFile section */

/* Begin PBXFileReference section */
		6324F79B1DB33B460095805E /* MovieDetailVC.swift */ = {isa = PBXFileReference; fileEncoding = 4; lastKnownFileType = sourcecode.swift; path = MovieDetailVC.swift; sourceTree = "<group>"; };
		639BFF861DB3231800534D14 /* Flicks.app */ = {isa = PBXFileReference; explicitFileType = wrapper.application; includeInIndex = 0; path = Flicks.app; sourceTree = BUILT_PRODUCTS_DIR; };
		639BFF891DB3231800534D14 /* AppDelegate.swift */ = {isa = PBXFileReference; lastKnownFileType = sourcecode.swift; path = AppDelegate.swift; sourceTree = "<group>"; };
		639BFF8E1DB3231800534D14 /* Base */ = {isa = PBXFileReference; lastKnownFileType = file.storyboard; name = Base; path = Base.lproj/Main.storyboard; sourceTree = "<group>"; };
		639BFF901DB3231800534D14 /* Assets.xcassets */ = {isa = PBXFileReference; lastKnownFileType = folder.assetcatalog; path = Assets.xcassets; sourceTree = "<group>"; };
		639BFF931DB3231800534D14 /* Base */ = {isa = PBXFileReference; lastKnownFileType = file.storyboard; name = Base; path = Base.lproj/LaunchScreen.storyboard; sourceTree = "<group>"; };
		639BFF951DB3231800534D14 /* Info.plist */ = {isa = PBXFileReference; lastKnownFileType = text.plist.xml; path = Info.plist; sourceTree = "<group>"; };
		639BFF9B1DB3240F00534D14 /* MoviesViewController.swift */ = {isa = PBXFileReference; fileEncoding = 4; lastKnownFileType = sourcecode.swift; path = MoviesViewController.swift; sourceTree = "<group>"; };
		639BFF9F1DB32D1300534D14 /* MovieCell.swift */ = {isa = PBXFileReference; fileEncoding = 4; lastKnownFileType = sourcecode.swift; path = MovieCell.swift; sourceTree = "<group>"; };
		63E60A0E1DB43CCE00E679C4 /* now_playing.png */ = {isa = PBXFileReference; lastKnownFileType = image.png; path = now_playing.png; sourceTree = "<group>"; };
		63E60A101DB43D0600E679C4 /* top_rated.png */ = {isa = PBXFileReference; lastKnownFileType = image.png; path = top_rated.png; sourceTree = "<group>"; };
		63E60A121DB43ED800E679C4 /* TopRatedVC.swift */ = {isa = PBXFileReference; fileEncoding = 4; lastKnownFileType = sourcecode.swift; path = TopRatedVC.swift; sourceTree = "<group>"; };
		907D82C3D295FEDBA1BCE667 /* Pods-Flicks.release.xcconfig */ = {isa = PBXFileReference; includeInIndex = 1; lastKnownFileType = text.xcconfig; name = "Pods-Flicks.release.xcconfig"; path = "Pods/Target Support Files/Pods-Flicks/Pods-Flicks.release.xcconfig"; sourceTree = "<group>"; };
		995569D8B41955343FC6CA41 /* Pods-Flicks.debug.xcconfig */ = {isa = PBXFileReference; includeInIndex = 1; lastKnownFileType = text.xcconfig; name = "Pods-Flicks.debug.xcconfig"; path = "Pods/Target Support Files/Pods-Flicks/Pods-Flicks.debug.xcconfig"; sourceTree = "<group>"; };
		B2A9D6AD183BC0B0FA5FD619 /* Pods_Flicks.framework */ = {isa = PBXFileReference; explicitFileType = wrapper.framework; includeInIndex = 0; path = Pods_Flicks.framework; sourceTree = BUILT_PRODUCTS_DIR; };
/* End PBXFileReference section */

/* Begin PBXFrameworksBuildPhase section */
		639BFF831DB3231800534D14 /* Frameworks */ = {
			isa = PBXFrameworksBuildPhase;
			buildActionMask = 2147483647;
			files = (
				68541519D8018DBAE0E95280 /* Pods_Flicks.framework in Frameworks */,
			);
			runOnlyForDeploymentPostprocessing = 0;
		};
/* End PBXFrameworksBuildPhase section */

/* Begin PBXGroup section */
		3B46E50A48E3D4809812220F /* Frameworks */ = {
			isa = PBXGroup;
			children = (
				B2A9D6AD183BC0B0FA5FD619 /* Pods_Flicks.framework */,
			);
			name = Frameworks;
			sourceTree = "<group>";
		};
		639BFF7D1DB3231800534D14 = {
			isa = PBXGroup;
			children = (
				639BFF881DB3231800534D14 /* Flicks */,
				639BFF871DB3231800534D14 /* Products */,
				6E858A9515A96931419FB399 /* Pods */,
				3B46E50A48E3D4809812220F /* Frameworks */,
			);
			sourceTree = "<group>";
		};
		639BFF871DB3231800534D14 /* Products */ = {
			isa = PBXGroup;
			children = (
				639BFF861DB3231800534D14 /* Flicks.app */,
			);
			name = Products;
			sourceTree = "<group>";
		};
		639BFF881DB3231800534D14 /* Flicks */ = {
			isa = PBXGroup;
			children = (
				63E60A0E1DB43CCE00E679C4 /* now_playing.png */,
				63E60A101DB43D0600E679C4 /* top_rated.png */,
				639BFF891DB3231800534D14 /* AppDelegate.swift */,
				639BFF8D1DB3231800534D14 /* Main.storyboard */,
				63E60A121DB43ED800E679C4 /* TopRatedVC.swift */,
				639BFF901DB3231800534D14 /* Assets.xcassets */,
				639BFF921DB3231800534D14 /* LaunchScreen.storyboard */,
				639BFF951DB3231800534D14 /* Info.plist */,
				639BFF9B1DB3240F00534D14 /* MoviesViewController.swift */,
				639BFF9F1DB32D1300534D14 /* MovieCell.swift */,
				6324F79B1DB33B460095805E /* MovieDetailVC.swift */,
			);
			path = Flicks;
			sourceTree = "<group>";
		};
		6E858A9515A96931419FB399 /* Pods */ = {
			isa = PBXGroup;
			children = (
				995569D8B41955343FC6CA41 /* Pods-Flicks.debug.xcconfig */,
				907D82C3D295FEDBA1BCE667 /* Pods-Flicks.release.xcconfig */,
			);
			name = Pods;
			sourceTree = "<group>";
		};
/* End PBXGroup section */

/* Begin PBXNativeTarget section */
		639BFF851DB3231800534D14 /* Flicks */ = {
			isa = PBXNativeTarget;
			buildConfigurationList = 639BFF981DB3231800534D14 /* Build configuration list for PBXNativeTarget "Flicks" */;
			buildPhases = (
				6291E32703068C64CD122DDB /* [CP] Check Pods Manifest.lock */,
				639BFF821DB3231800534D14 /* Sources */,
				639BFF831DB3231800534D14 /* Frameworks */,
				639BFF841DB3231800534D14 /* Resources */,
				ACAABE6F2E440EB4916CB0E1 /* [CP] Embed Pods Frameworks */,
				EE93D24B1A9C95D35E8AD082 /* [CP] Copy Pods Resources */,
			);
			buildRules = (
			);
			dependencies = (
			);
			name = Flicks;
			productName = Flicks;
			productReference = 639BFF861DB3231800534D14 /* Flicks.app */;
			productType = "com.apple.product-type.application";
		};
/* End PBXNativeTarget section */

/* Begin PBXProject section */
		639BFF7E1DB3231800534D14 /* Project object */ = {
			isa = PBXProject;
			attributes = {
				LastSwiftUpdateCheck = 0800;
				LastUpgradeCheck = 0800;
				ORGANIZATIONNAME = "David Bocardo";
				TargetAttributes = {
					639BFF851DB3231800534D14 = {
						CreatedOnToolsVersion = 8.0;
						DevelopmentTeam = RAKMRPVVS8;
						LastSwiftMigration = 0800;
						ProvisioningStyle = Automatic;
					};
				};
			};
			buildConfigurationList = 639BFF811DB3231800534D14 /* Build configuration list for PBXProject "Flicks" */;
			compatibilityVersion = "Xcode 3.2";
			developmentRegion = English;
			hasScannedForEncodings = 0;
			knownRegions = (
				en,
				Base,
			);
			mainGroup = 639BFF7D1DB3231800534D14;
			productRefGroup = 639BFF871DB3231800534D14 /* Products */;
			projectDirPath = "";
			projectRoot = "";
			targets = (
				639BFF851DB3231800534D14 /* Flicks */,
			);
		};
/* End PBXProject section */

/* Begin PBXResourcesBuildPhase section */
		639BFF841DB3231800534D14 /* Resources */ = {
			isa = PBXResourcesBuildPhase;
			buildActionMask = 2147483647;
			files = (
				639BFF941DB3231800534D14 /* LaunchScreen.storyboard in Resources */,
				63E60A0F1DB43CCE00E679C4 /* now_playing.png in Resources */,
				63E60A111DB43D0600E679C4 /* top_rated.png in Resources */,
				639BFF911DB3231800534D14 /* Assets.xcassets in Resources */,
				639BFF8F1DB3231800534D14 /* Main.storyboard in Resources */,
			);
			runOnlyForDeploymentPostprocessing = 0;
		};
/* End PBXResourcesBuildPhase section */

/* Begin PBXShellScriptBuildPhase section */
		6291E32703068C64CD122DDB /* [CP] Check Pods Manifest.lock */ = {
			isa = PBXShellScriptBuildPhase;
			buildActionMask = 2147483647;
			files = (
			);
			inputPaths = (
			);
			name = "[CP] Check Pods Manifest.lock";
			outputPaths = (
			);
			runOnlyForDeploymentPostprocessing = 0;
			shellPath = /bin/sh;
			shellScript = "diff \"${PODS_ROOT}/../Podfile.lock\" \"${PODS_ROOT}/Manifest.lock\" > /dev/null\nif [[ $? != 0 ]] ; then\n    cat << EOM\nerror: The sandbox is not in sync with the Podfile.lock. Run 'pod install' or update your CocoaPods installation.\nEOM\n    exit 1\nfi\n";
			showEnvVarsInLog = 0;
		};
		ACAABE6F2E440EB4916CB0E1 /* [CP] Embed Pods Frameworks */ = {
			isa = PBXShellScriptBuildPhase;
			buildActionMask = 2147483647;
			files = (
			);
			inputPaths = (
			);
			name = "[CP] Embed Pods Frameworks";
			outputPaths = (
			);
			runOnlyForDeploymentPostprocessing = 0;
			shellPath = /bin/sh;
			shellScript = "\"${SRCROOT}/Pods/Target Support Files/Pods-Flicks/Pods-Flicks-frameworks.sh\"\n";
			showEnvVarsInLog = 0;
		};
		EE93D24B1A9C95D35E8AD082 /* [CP] Copy Pods Resources */ = {
			isa = PBXShellScriptBuildPhase;
			buildActionMask = 2147483647;
			files = (
			);
			inputPaths = (
			);
			name = "[CP] Copy Pods Resources";
			outputPaths = (
			);
			runOnlyForDeploymentPostprocessing = 0;
			shellPath = /bin/sh;
			shellScript = "\"${SRCROOT}/Pods/Target Support Files/Pods-Flicks/Pods-Flicks-resources.sh\"\n";
			showEnvVarsInLog = 0;
		};
/* End PBXShellScriptBuildPhase section */

/* Begin PBXSourcesBuildPhase section */
		639BFF821DB3231800534D14 /* Sources */ = {
			isa = PBXSourcesBuildPhase;
			buildActionMask = 2147483647;
			files = (
				639BFF8A1DB3231800534D14 /* AppDelegate.swift in Sources */,
				639BFF9C1DB3240F00534D14 /* MoviesViewController.swift in Sources */,
				6324F79C1DB33B460095805E /* MovieDetailVC.swift in Sources */,
				63E60A131DB43ED800E679C4 /* TopRatedVC.swift in Sources */,
				639BFFA01DB32D1300534D14 /* MovieCell.swift in Sources */,
			);
			runOnlyForDeploymentPostprocessing = 0;
		};
/* End PBXSourcesBuildPhase section */

/* Begin PBXVariantGroup section */
		639BFF8D1DB3231800534D14 /* Main.storyboard */ = {
			isa = PBXVariantGroup;
			children = (
				639BFF8E1DB3231800534D14 /* Base */,
			);
			name = Main.storyboard;
			sourceTree = "<group>";
		};
		639BFF921DB3231800534D14 /* LaunchScreen.storyboard */ = {
			isa = PBXVariantGroup;
			children = (
				639BFF931DB3231800534D14 /* Base */,
			);
			name = LaunchScreen.storyboard;
			sourceTree = "<group>";
		};
/* End PBXVariantGroup section */

/* Begin XCBuildConfiguration section */
		639BFF961DB3231800534D14 /* Debug */ = {
			isa = XCBuildConfiguration;
			buildSettings = {
				ALWAYS_SEARCH_USER_PATHS = NO;
				CLANG_ANALYZER_NONNULL = YES;
				CLANG_CXX_LANGUAGE_STANDARD = "gnu++0x";
				CLANG_CXX_LIBRARY = "libc++";
				CLANG_ENABLE_MODULES = YES;
				CLANG_ENABLE_OBJC_ARC = YES;
				CLANG_WARN_BOOL_CONVERSION = YES;
				CLANG_WARN_CONSTANT_CONVERSION = YES;
				CLANG_WARN_DIRECT_OBJC_ISA_USAGE = YES_ERROR;
				CLANG_WARN_DOCUMENTATION_COMMENTS = YES;
				CLANG_WARN_EMPTY_BODY = YES;
				CLANG_WARN_ENUM_CONVERSION = YES;
				CLANG_WARN_INFINITE_RECURSION = YES;
				CLANG_WARN_INT_CONVERSION = YES;
				CLANG_WARN_OBJC_ROOT_CLASS = YES_ERROR;
				CLANG_WARN_SUSPICIOUS_MOVE = YES;
				CLANG_WARN_SUSPICIOUS_MOVES = YES;
				CLANG_WARN_UNREACHABLE_CODE = YES;
				CLANG_WARN__DUPLICATE_METHOD_MATCH = YES;
				"CODE_SIGN_IDENTITY[sdk=iphoneos*]" = "iPhone Developer";
				COPY_PHASE_STRIP = NO;
				DEBUG_INFORMATION_FORMAT = dwarf;
				ENABLE_STRICT_OBJC_MSGSEND = YES;
				ENABLE_TESTABILITY = YES;
				GCC_C_LANGUAGE_STANDARD = gnu99;
				GCC_DYNAMIC_NO_PIC = NO;
				GCC_NO_COMMON_BLOCKS = YES;
				GCC_OPTIMIZATION_LEVEL = 0;
				GCC_PREPROCESSOR_DEFINITIONS = (
					"DEBUG=1",
					"$(inherited)",
				);
				GCC_WARN_64_TO_32_BIT_CONVERSION = YES;
				GCC_WARN_ABOUT_RETURN_TYPE = YES_ERROR;
				GCC_WARN_UNDECLARED_SELECTOR = YES;
				GCC_WARN_UNINITIALIZED_AUTOS = YES_AGGRESSIVE;
				GCC_WARN_UNUSED_FUNCTION = YES;
				GCC_WARN_UNUSED_VARIABLE = YES;
				IPHONEOS_DEPLOYMENT_TARGET = 10.0;
				MTL_ENABLE_DEBUG_INFO = YES;
				ONLY_ACTIVE_ARCH = YES;
				SDKROOT = iphoneos;
				SWIFT_ACTIVE_COMPILATION_CONDITIONS = DEBUG;
				SWIFT_OPTIMIZATION_LEVEL = "-Onone";
			};
			name = Debug;
		};
		639BFF971DB3231800534D14 /* Release */ = {
			isa = XCBuildConfiguration;
			buildSettings = {
				ALWAYS_SEARCH_USER_PATHS = NO;
				CLANG_ANALYZER_NONNULL = YES;
				CLANG_CXX_LANGUAGE_STANDARD = "gnu++0x";
				CLANG_CXX_LIBRARY = "libc++";
				CLANG_ENABLE_MODULES = YES;
				CLANG_ENABLE_OBJC_ARC = YES;
				CLANG_WARN_BOOL_CONVERSION = YES;
				CLANG_WARN_CONSTANT_CONVERSION = YES;
				CLANG_WARN_DIRECT_OBJC_ISA_USAGE = YES_ERROR;
				CLANG_WARN_DOCUMENTATION_COMMENTS = YES;
				CLANG_WARN_EMPTY_BODY = YES;
				CLANG_WARN_ENUM_CONVERSION = YES;
				CLANG_WARN_INFINITE_RECURSION = YES;
				CLANG_WARN_INT_CONVERSION = YES;
				CLANG_WARN_OBJC_ROOT_CLASS = YES_ERROR;
				CLANG_WARN_SUSPICIOUS_MOVE = YES;
				CLANG_WARN_SUSPICIOUS_MOVES = YES;
				CLANG_WARN_UNREACHABLE_CODE = YES;
				CLANG_WARN__DUPLICATE_METHOD_MATCH = YES;
				"CODE_SIGN_IDENTITY[sdk=iphoneos*]" = "iPhone Developer";
				COPY_PHASE_STRIP = NO;
				DEBUG_INFORMATION_FORMAT = "dwarf-with-dsym";
				ENABLE_NS_ASSERTIONS = NO;
				ENABLE_STRICT_OBJC_MSGSEND = YES;
				GCC_C_LANGUAGE_STANDARD = gnu99;
				GCC_NO_COMMON_BLOCKS = YES;
				GCC_WARN_64_TO_32_BIT_CONVERSION = YES;
				GCC_WARN_ABOUT_RETURN_TYPE = YES_ERROR;
				GCC_WARN_UNDECLARED_SELECTOR = YES;
				GCC_WARN_UNINITIALIZED_AUTOS = YES_AGGRESSIVE;
				GCC_WARN_UNUSED_FUNCTION = YES;
				GCC_WARN_UNUSED_VARIABLE = YES;
				IPHONEOS_DEPLOYMENT_TARGET = 10.0;
				MTL_ENABLE_DEBUG_INFO = NO;
				SDKROOT = iphoneos;
				SWIFT_OPTIMIZATION_LEVEL = "-Owholemodule";
				VALIDATE_PRODUCT = YES;
			};
			name = Release;
		};
		639BFF991DB3231800534D14 /* Debug */ = {
			isa = XCBuildConfiguration;
			baseConfigurationReference = 995569D8B41955343FC6CA41 /* Pods-Flicks.debug.xcconfig */;
			buildSettings = {
				ASSETCATALOG_COMPILER_APPICON_NAME = AppIcon;
				DEVELOPMENT_TEAM = RAKMRPVVS8;
				INFOPLIST_FILE = Flicks/Info.plist;
				LD_RUNPATH_SEARCH_PATHS = "$(inherited) @executable_path/Frameworks";
				PRODUCT_BUNDLE_IDENTIFIER = com.emc2apps.Flicks;
				PRODUCT_NAME = "$(TARGET_NAME)";
				SWIFT_VERSION = 3.0;
			};
			name = Debug;
		};
		639BFF9A1DB3231800534D14 /* Release */ = {
			isa = XCBuildConfiguration;
			baseConfigurationReference = 907D82C3D295FEDBA1BCE667 /* Pods-Flicks.release.xcconfig */;
			buildSettings = {
				ASSETCATALOG_COMPILER_APPICON_NAME = AppIcon;
				DEVELOPMENT_TEAM = RAKMRPVVS8;
				INFOPLIST_FILE = Flicks/Info.plist;
				LD_RUNPATH_SEARCH_PATHS = "$(inherited) @executable_path/Frameworks";
				PRODUCT_BUNDLE_IDENTIFIER = com.emc2apps.Flicks;
				PRODUCT_NAME = "$(TARGET_NAME)";
				SWIFT_VERSION = 3.0;
			};
			name = Release;
		};
/* End XCBuildConfiguration section */

/* Begin XCConfigurationList section */
		639BFF811DB3231800534D14 /* Build configuration list for PBXProject "Flicks" */ = {
			isa = XCConfigurationList;
			buildConfigurations = (
				639BFF961DB3231800534D14 /* Debug */,
				639BFF971DB3231800534D14 /* Release */,
			);
			defaultConfigurationIsVisible = 0;
			defaultConfigurationName = Release;
		};
		639BFF981DB3231800534D14 /* Build configuration list for PBXNativeTarget "Flicks" */ = {
			isa = XCConfigurationList;
			buildConfigurations = (
				639BFF991DB3231800534D14 /* Debug */,
				639BFF9A1DB3231800534D14 /* Release */,
			);
			defaultConfigurationIsVisible = 0;
			defaultConfigurationName = Release;
		};
/* End XCConfigurationList section */
	};
	rootObject = 639BFF7E1DB3231800534D14 /* Project object */;
}
